
Microsoft Visual Studio Solution File, Format Version 12.00
# Visual Studio Version 17
VisualStudioVersion = 17.7.34031.279
MinimumVisualStudioVersion = 10.0.40219.1
Project("{FAE04EC0-301F-11D3-BF4B-00C04F79EFBC}") = "homework7", "homework7\homework7.csproj", "{1C8245BB-39E4-4512-9E95-DC9A7CCC3DD0}"
EndProject
Global
	GlobalSection(SolutionConfigurationPlatforms) = preSolution
		Debug|Any CPU = Debug|Any CPU
		Release|Any CPU = Release|Any CPU
	EndGlobalSection
	GlobalSection(ProjectConfigurationPlatforms) = postSolution
		{1C8245BB-39E4-4512-9E95-DC9A7CCC3DD0}.Debug|Any CPU.ActiveCfg = Debug|Any CPU
		{1C8245BB-39E4-4512-9E95-DC9A7CCC3DD0}.Debug|Any CPU.Build.0 = Debug|Any CPU
		{1C8245BB-39E4-4512-9E95-DC9A7CCC3DD0}.Release|Any CPU.ActiveCfg = Release|Any CPU
		{1C8245BB-39E4-4512-9E95-DC9A7CCC3DD0}.Release|Any CPU.Build.0 = Release|Any CPU
	EndGlobalSection
	GlobalSection(SolutionProperties) = preSolution
		HideSolutionNode = FALSE
	EndGlobalSection
	GlobalSection(ExtensibilityGlobals) = postSolution
		SolutionGuid = {BAB07021-8448-448E-81A8-2125E6B2921D}
	EndGlobalSection
EndGlobal
